
Microsoft Visual Studio Solution File, Format Version 12.00
# Visual Studio 15
VisualStudioVersion = 15.0.28010.2003
MinimumVisualStudioVersion = 10.0.40219.1
Project("{FAE04EC0-301F-11D3-BF4B-00C04F79EFBC}") = "Wechat", "Wechat\Wechat.csproj", "{C4B71771-883F-46B2-860B-63F6B1C70831}"
EndProject
Project("{FAE04EC0-301F-11D3-BF4B-00C04F79EFBC}") = "Wechat.Api", "Wechat.Api\Wechat.Api.csproj", "{9A186DF5-2959-4EA0-A9E3-D32C11ECEC92}"
EndProject
Project("{FAE04EC0-301F-11D3-BF4B-00C04F79EFBC}") = "Wechat.Protocol", "Wechat.Protocol\Wechat.Protocol.csproj", "{17338923-85DD-49B5-A40D-2741BB52FDAA}"
EndProject
Project("{FAE04EC0-301F-11D3-BF4B-00C04F79EFBC}") = "Wechat.Util", "Wechat.Util\Wechat.Util.csproj", "{285DC0C1-AA68-493F-904A-2BCD3EF9918E}"
EndProject
Project("{FAE04EC0-301F-11D3-BF4B-00C04F79EFBC}") = "Wechat.Api.Test", "Wechat.Api.Test\Wechat.Api.Test.csproj", "{854CCFC4-5FBA-4157-8E0D-377719E0AFB8}"
EndProject
Global
	GlobalSection(SolutionConfigurationPlatforms) = preSolution
		Debug|Any CPU = Debug|Any CPU
		Release|Any CPU = Release|Any CPU
	EndGlobalSection
	GlobalSection(ProjectConfigurationPlatforms) = postSolution
		{C4B71771-883F-46B2-860B-63F6B1C70831}.Debug|Any CPU.ActiveCfg = Debug|Any CPU
		{C4B71771-883F-46B2-860B-63F6B1C70831}.Debug|Any CPU.Build.0 = Debug|Any CPU
		{C4B71771-883F-46B2-860B-63F6B1C70831}.Release|Any CPU.ActiveCfg = Release|Any CPU
		{C4B71771-883F-46B2-860B-63F6B1C70831}.Release|Any CPU.Build.0 = Release|Any CPU
		{9A186DF5-2959-4EA0-A9E3-D32C11ECEC92}.Debug|Any CPU.ActiveCfg = Debug|Any CPU
		{9A186DF5-2959-4EA0-A9E3-D32C11ECEC92}.Debug|Any CPU.Build.0 = Debug|Any CPU
		{9A186DF5-2959-4EA0-A9E3-D32C11ECEC92}.Release|Any CPU.ActiveCfg = Release|Any CPU
		{9A186DF5-2959-4EA0-A9E3-D32C11ECEC92}.Release|Any CPU.Build.0 = Release|Any CPU
		{17338923-85DD-49B5-A40D-2741BB52FDAA}.Debug|Any CPU.ActiveCfg = Debug|Any CPU
		{17338923-85DD-49B5-A40D-2741BB52FDAA}.Debug|Any CPU.Build.0 = Debug|Any CPU
		{17338923-85DD-49B5-A40D-2741BB52FDAA}.Release|Any CPU.ActiveCfg = Release|Any CPU
		{17338923-85DD-49B5-A40D-2741BB52FDAA}.Release|Any CPU.Build.0 = Release|Any CPU
		{285DC0C1-AA68-493F-904A-2BCD3EF9918E}.Debug|Any CPU.ActiveCfg = Debug|Any CPU
		{285DC0C1-AA68-493F-904A-2BCD3EF9918E}.Debug|Any CPU.Build.0 = Debug|Any CPU
		{285DC0C1-AA68-493F-904A-2BCD3EF9918E}.Release|Any CPU.ActiveCfg = Release|Any CPU
		{285DC0C1-AA68-493F-904A-2BCD3EF9918E}.Release|Any CPU.Build.0 = Release|Any CPU
		{854CCFC4-5FBA-4157-8E0D-377719E0AFB8}.Debug|Any CPU.ActiveCfg = Debug|Any CPU
		{854CCFC4-5FBA-4157-8E0D-377719E0AFB8}.Debug|Any CPU.Build.0 = Debug|Any CPU
		{854CCFC4-5FBA-4157-8E0D-377719E0AFB8}.Release|Any CPU.ActiveCfg = Release|Any CPU
		{854CCFC4-5FBA-4157-8E0D-377719E0AFB8}.Release|Any CPU.Build.0 = Release|Any CPU
	EndGlobalSection
	GlobalSection(SolutionProperties) = preSolution
		HideSolutionNode = FALSE
	EndGlobalSection
	GlobalSection(ExtensibilityGlobals) = postSolution
		SolutionGuid = {ECDF2E9D-E0A8-43EB-AA11-051BD842A519}
	EndGlobalSection
EndGlobal
